// !$*UTF8*$!
{
	archiveVersion = 1;
	classes = {
	};
	objectVersion = 48;
	objects = {

/* Begin PBXBuildFile section */
		0A3291961FDE848B0074CA58 /* main.cpp in Sources */ = {isa = PBXBuildFile; fileRef = 0A3291951FDE848B0074CA58 /* main.cpp */; };
/* End PBXBuildFile section */

/* Begin PBXCopyFilesBuildPhase section */
		0A3291901FDE848B0074CA58 /* CopyFiles */ = {
			isa = PBXCopyFilesBuildPhase;
			buildActionMask = 2147483647;
			dstPath = /usr/share/man/man1/;
			dstSubfolderSpec = 0;
			files = (
			);
			runOnlyForDeploymentPostprocessing = 1;
		};
/* End PBXCopyFilesBuildPhase section */

/* Begin PBXFileReference section */
		0A2CBB2A1FE5891100CEB010 /* blossom5-v2.05.src */ = {isa = PBXFileReference; lastKnownFileType = folder; path = "blossom5-v2.05.src"; sourceTree = "<group>"; };
		0A2CBB2B1FE5893500CEB010 /* BestPerfectMatching.h */ = {isa = PBXFileReference; lastKnownFileType = sourcecode.c.h; path = BestPerfectMatching.h; sourceTree = "<group>"; };
		0A2CBB2C1FE5B2E600CEB010 /* test_generation.h */ = {isa = PBXFileReference; lastKnownFileType = sourcecode.c.h; path = test_generation.h; sourceTree = "<group>"; };
		0A3291921FDE848B0074CA58 /* Christofides */ = {isa = PBXFileReference; explicitFileType = "compiled.mach-o.executable"; includeInIndex = 0; path = Christofides; sourceTree = BUILT_PRODUCTS_DIR; };
		0A3291951FDE848B0074CA58 /* main.cpp */ = {isa = PBXFileReference; lastKnownFileType = sourcecode.cpp.cpp; path = main.cpp; sourceTree = "<group>"; };
		0A32919C1FDE84960074CA58 /* MST.h */ = {isa = PBXFileReference; lastKnownFileType = sourcecode.c.h; path = MST.h; sourceTree = "<group>"; };
		0AC8EFB41FDE9A6500476A08 /* EulerCircuit.h */ = {isa = PBXFileReference; lastKnownFileType = sourcecode.c.h; path = EulerCircuit.h; sourceTree = "<group>"; };
/* End PBXFileReference section */

/* Begin PBXFrameworksBuildPhase section */
		0A32918F1FDE848B0074CA58 /* Frameworks */ = {
			isa = PBXFrameworksBuildPhase;
			buildActionMask = 2147483647;
			files = (
			);
			runOnlyForDeploymentPostprocessing = 0;
		};
/* End PBXFrameworksBuildPhase section */

/* Begin PBXGroup section */
		0A3291891FDE848B0074CA58 = {
			isa = PBXGroup;
			children = (
				0A3291941FDE848B0074CA58 /* Christofides */,
				0A3291931FDE848B0074CA58 /* Products */,
			);
			sourceTree = "<group>";
		};
		0A3291931FDE848B0074CA58 /* Products */ = {
			isa = PBXGroup;
			children = (
				0A3291921FDE848B0074CA58 /* Christofides */,
			);
			name = Products;
			sourceTree = "<group>";
		};
		0A3291941FDE848B0074CA58 /* Christofides */ = {
			isa = PBXGroup;
			children = (
				0A2CBB2A1FE5891100CEB010 /* blossom5-v2.05.src */,
				0A3291951FDE848B0074CA58 /* main.cpp */,
				0A32919C1FDE84960074CA58 /* MST.h */,
				0AC8EFB41FDE9A6500476A08 /* EulerCircuit.h */,
				0A2CBB2B1FE5893500CEB010 /* BestPerfectMatching.h */,
				0A2CBB2C1FE5B2E600CEB010 /* test_generation.h */,
			);
			path = Christofides;
			sourceTree = "<group>";
		};
/* End PBXGroup section */

/* Begin PBXNativeTarget section */
		0A3291911FDE848B0074CA58 /* Christofides */ = {
			isa = PBXNativeTarget;
			buildConfigurationList = 0A3291991FDE848B0074CA58 /* Build configuration list for PBXNativeTarget "Christofides" */;
			buildPhases = (
				0A32918E1FDE848B0074CA58 /* Sources */,
				0A32918F1FDE848B0074CA58 /* Frameworks */,
				0A3291901FDE848B0074CA58 /* CopyFiles */,
			);
			buildRules = (
			);
			dependencies = (
			);
			name = Christofides;
			productName = Christofides;
			productReference = 0A3291921FDE848B0074CA58 /* Christofides */;
			productType = "com.apple.product-type.tool";
		};
/* End PBXNativeTarget section */

/* Begin PBXProject section */
		0A32918A1FDE848B0074CA58 /* Project object */ = {
			isa = PBXProject;
			attributes = {
				LastUpgradeCheck = 0910;
				ORGANIZATIONNAME = MIPT;
				TargetAttributes = {
					0A3291911FDE848B0074CA58 = {
						CreatedOnToolsVersion = 9.1;
						ProvisioningStyle = Automatic;
					};
				};
			};
			buildConfigurationList = 0A32918D1FDE848B0074CA58 /* Build configuration list for PBXProject "Christofides" */;
			compatibilityVersion = "Xcode 8.0";
			developmentRegion = en;
			hasScannedForEncodings = 0;
			knownRegions = (
				en,
			);
			mainGroup = 0A3291891FDE848B0074CA58;
			productRefGroup = 0A3291931FDE848B0074CA58 /* Products */;
			projectDirPath = "";
			projectRoot = "";
			targets = (
				0A3291911FDE848B0074CA58 /* Christofides */,
			);
		};
/* End PBXProject section */

/* Begin PBXSourcesBuildPhase section */
		0A32918E1FDE848B0074CA58 /* Sources */ = {
			isa = PBXSourcesBuildPhase;
			buildActionMask = 2147483647;
			files = (
				0A3291961FDE848B0074CA58 /* main.cpp in Sources */,
			);
			runOnlyForDeploymentPostprocessing = 0;
		};
/* End PBXSourcesBuildPhase section */

/* Begin XCBuildConfiguration section */
		0A3291971FDE848B0074CA58 /* Debug */ = {
			isa = XCBuildConfiguration;
			buildSettings = {
				ALWAYS_SEARCH_USER_PATHS = NO;
				CLANG_ANALYZER_NONNULL = YES;
				CLANG_ANALYZER_NUMBER_OBJECT_CONVERSION = YES_AGGRESSIVE;
				CLANG_CXX_LANGUAGE_STANDARD = "gnu++14";
				CLANG_CXX_LIBRARY = "libc++";
				CLANG_ENABLE_MODULES = YES;
				CLANG_ENABLE_OBJC_ARC = YES;
				CLANG_WARN_BLOCK_CAPTURE_AUTORELEASING = YES;
				CLANG_WARN_BOOL_CONVERSION = YES;
				CLANG_WARN_COMMA = YES;
				CLANG_WARN_CONSTANT_CONVERSION = YES;
				CLANG_WARN_DIRECT_OBJC_ISA_USAGE = YES_ERROR;
				CLANG_WARN_DOCUMENTATION_COMMENTS = YES;
				CLANG_WARN_EMPTY_BODY = YES;
				CLANG_WARN_ENUM_CONVERSION = YES;
				CLANG_WARN_INFINITE_RECURSION = YES;
				CLANG_WARN_INT_CONVERSION = YES;
				CLANG_WARN_NON_LITERAL_NULL_CONVERSION = YES;
				CLANG_WARN_OBJC_LITERAL_CONVERSION = YES;
				CLANG_WARN_OBJC_ROOT_CLASS = YES_ERROR;
				CLANG_WARN_RANGE_LOOP_ANALYSIS = YES;
				CLANG_WARN_STRICT_PROTOTYPES = YES;
				CLANG_WARN_SUSPICIOUS_MOVE = YES;
				CLANG_WARN_UNGUARDED_AVAILABILITY = YES_AGGRESSIVE;
				CLANG_WARN_UNREACHABLE_CODE = YES;
				CLANG_WARN__DUPLICATE_METHOD_MATCH = YES;
				CODE_SIGN_IDENTITY = "Mac Developer";
				COPY_PHASE_STRIP = NO;
				DEBUG_INFORMATION_FORMAT = dwarf;
				ENABLE_STRICT_OBJC_MSGSEND = YES;
				ENABLE_TESTABILITY = YES;
				GCC_C_LANGUAGE_STANDARD = gnu11;
				GCC_DYNAMIC_NO_PIC = NO;
				GCC_NO_COMMON_BLOCKS = YES;
				GCC_OPTIMIZATION_LEVEL = 0;
				GCC_PREPROCESSOR_DEFINITIONS = (
					"DEBUG=1",
					"$(inherited)",
				);
				GCC_WARN_64_TO_32_BIT_CONVERSION = YES;
				GCC_WARN_ABOUT_RETURN_TYPE = YES_ERROR;
				GCC_WARN_UNDECLARED_SELECTOR = YES;
				GCC_WARN_UNINITIALIZED_AUTOS = YES_AGGRESSIVE;
				GCC_WARN_UNUSED_FUNCTION = YES;
				GCC_WARN_UNUSED_VARIABLE = YES;
				MACOSX_DEPLOYMENT_TARGET = 10.13;
				MTL_ENABLE_DEBUG_INFO = YES;
				ONLY_ACTIVE_ARCH = YES;
				SDKROOT = macosx;
			};
			name = Debug;
		};
		0A3291981FDE848B0074CA58 /* Release */ = {
			isa = XCBuildConfiguration;
			buildSettings = {
				ALWAYS_SEARCH_USER_PATHS = NO;
				CLANG_ANALYZER_NONNULL = YES;
				CLANG_ANALYZER_NUMBER_OBJECT_CONVERSION = YES_AGGRESSIVE;
				CLANG_CXX_LANGUAGE_STANDARD = "gnu++14";
				CLANG_CXX_LIBRARY = "libc++";
				CLANG_ENABLE_MODULES = YES;
				CLANG_ENABLE_OBJC_ARC = YES;
				CLANG_WARN_BLOCK_CAPTURE_AUTORELEASING = YES;
				CLANG_WARN_BOOL_CONVERSION = YES;
				CLANG_WARN_COMMA = YES;
				CLANG_WARN_CONSTANT_CONVERSION = YES;
				CLANG_WARN_DIRECT_OBJC_ISA_USAGE = YES_ERROR;
				CLANG_WARN_DOCUMENTATION_COMMENTS = YES;
				CLANG_WARN_EMPTY_BODY = YES;
				CLANG_WARN_ENUM_CONVERSION = YES;
				CLANG_WARN_INFINITE_RECURSION = YES;
				CLANG_WARN_INT_CONVERSION = YES;
				CLANG_WARN_NON_LITERAL_NULL_CONVERSION = YES;
				CLANG_WARN_OBJC_LITERAL_CONVERSION = YES;
				CLANG_WARN_OBJC_ROOT_CLASS = YES_ERROR;
				CLANG_WARN_RANGE_LOOP_ANALYSIS = YES;
				CLANG_WARN_STRICT_PROTOTYPES = YES;
				CLANG_WARN_SUSPICIOUS_MOVE = YES;
				CLANG_WARN_UNGUARDED_AVAILABILITY = YES_AGGRESSIVE;
				CLANG_WARN_UNREACHABLE_CODE = YES;
				CLANG_WARN__DUPLICATE_METHOD_MATCH = YES;
				CODE_SIGN_IDENTITY = "Mac Developer";
				COPY_PHASE_STRIP = NO;
				DEBUG_INFORMATION_FORMAT = "dwarf-with-dsym";
				ENABLE_NS_ASSERTIONS = NO;
				ENABLE_STRICT_OBJC_MSGSEND = YES;
				GCC_C_LANGUAGE_STANDARD = gnu11;
				GCC_NO_COMMON_BLOCKS = YES;
				GCC_WARN_64_TO_32_BIT_CONVERSION = YES;
				GCC_WARN_ABOUT_RETURN_TYPE = YES_ERROR;
				GCC_WARN_UNDECLARED_SELECTOR = YES;
				GCC_WARN_UNINITIALIZED_AUTOS = YES_AGGRESSIVE;
				GCC_WARN_UNUSED_FUNCTION = YES;
				GCC_WARN_UNUSED_VARIABLE = YES;
				MACOSX_DEPLOYMENT_TARGET = 10.13;
				MTL_ENABLE_DEBUG_INFO = NO;
				SDKROOT = macosx;
			};
			name = Release;
		};
		0A32919A1FDE848B0074CA58 /* Debug */ = {
			isa = XCBuildConfiguration;
			buildSettings = {
				CODE_SIGN_STYLE = Automatic;
				DEVELOPMENT_TEAM = 22TH28K24L;
				PRODUCT_NAME = "$(TARGET_NAME)";
			};
			name = Debug;
		};
		0A32919B1FDE848B0074CA58 /* Release */ = {
			isa = XCBuildConfiguration;
			buildSettings = {
				CODE_SIGN_STYLE = Automatic;
				DEVELOPMENT_TEAM = 22TH28K24L;
				PRODUCT_NAME = "$(TARGET_NAME)";
			};
			name = Release;
		};
/* End XCBuildConfiguration section */

/* Begin XCConfigurationList section */
		0A32918D1FDE848B0074CA58 /* Build configuration list for PBXProject "Christofides" */ = {
			isa = XCConfigurationList;
			buildConfigurations = (
				0A3291971FDE848B0074CA58 /* Debug */,
				0A3291981FDE848B0074CA58 /* Release */,
			);
			defaultConfigurationIsVisible = 0;
			defaultConfigurationName = Release;
		};
		0A3291991FDE848B0074CA58 /* Build configuration list for PBXNativeTarget "Christofides" */ = {
			isa = XCConfigurationList;
			buildConfigurations = (
				0A32919A1FDE848B0074CA58 /* Debug */,
				0A32919B1FDE848B0074CA58 /* Release */,
			);
			defaultConfigurationIsVisible = 0;
			defaultConfigurationName = Release;
		};
/* End XCConfigurationList section */
	};
	rootObject = 0A32918A1FDE848B0074CA58 /* Project object */;
}
